
Microsoft Visual Studio Solution File, Format Version 12.00
# Visual Studio Version 16
VisualStudioVersion = 16.0.31410.357
MinimumVisualStudioVersion = 10.0.40219.1
Project("{159641D6-6404-4A2A-AE62-294DE0FE8301}") = "Integration Services Project2", "Integration Services Project2\Integration Services Project2.dtproj", "{B602C1DC-0EA4-40ED-81C6-8F1475BDFBF9}"
EndProject
Global
	GlobalSection(SolutionConfigurationPlatforms) = preSolution
		Development|Default = Development|Default
	EndGlobalSection
	GlobalSection(ProjectConfigurationPlatforms) = postSolution
		{B602C1DC-0EA4-40ED-81C6-8F1475BDFBF9}.Development|Default.ActiveCfg = Development
		{B602C1DC-0EA4-40ED-81C6-8F1475BDFBF9}.Development|Default.Build.0 = Development
	EndGlobalSection
	GlobalSection(SolutionProperties) = preSolution
		HideSolutionNode = FALSE
	EndGlobalSection
	GlobalSection(ExtensibilityGlobals) = postSolution
		SolutionGuid = {76A235E4-7247-401B-BA8A-D02780E87C4C}
	EndGlobalSection
EndGlobal
